
Microsoft Visual Studio Solution File, Format Version 12.00
# Visual Studio Version 17
VisualStudioVersion = 17.14.36203.30 d17.14
MinimumVisualStudioVersion = 10.0.40219.1
Project("{FAE04EC0-301F-11D3-BF4B-00C04F79EFBC}") = "OandaDataApi", "OandaDataApi\OandaDataApi.csproj", "{0C8E6E39-6FD0-8C05-2628-7FB0B5F3EF10}"
EndProject
Global
	GlobalSection(SolutionConfigurationPlatforms) = preSolution
		Debug|Any CPU = Debug|Any CPU
		Release|Any CPU = Release|Any CPU
	EndGlobalSection
	GlobalSection(ProjectConfigurationPlatforms) = postSolution
		{0C8E6E39-6FD0-8C05-2628-7FB0B5F3EF10}.Debug|Any CPU.ActiveCfg = Debug|Any CPU
		{0C8E6E39-6FD0-8C05-2628-7FB0B5F3EF10}.Debug|Any CPU.Build.0 = Debug|Any CPU
		{0C8E6E39-6FD0-8C05-2628-7FB0B5F3EF10}.Release|Any CPU.ActiveCfg = Release|Any CPU
		{0C8E6E39-6FD0-8C05-2628-7FB0B5F3EF10}.Release|Any CPU.Build.0 = Release|Any CPU
	EndGlobalSection
	GlobalSection(SolutionProperties) = preSolution
		HideSolutionNode = FALSE
	EndGlobalSection
	GlobalSection(ExtensibilityGlobals) = postSolution
		SolutionGuid = {52D75A35-8FF0-44FB-AE78-D2E32278EB7F}
	EndGlobalSection
EndGlobal
